// !$*UTF8*$!
{
	archiveVersion = 1;
	classes = {
	};
	objectVersion = 46;
	objects = {

/* Begin PBXBuildFile section */
		8F62F9D818908C4D00CFAC9A /* Foundation.framework in Frameworks */ = {isa = PBXBuildFile; fileRef = 8F62F9D718908C4D00CFAC9A /* Foundation.framework */; };
		8F62F9DA18908C4D00CFAC9A /* CoreGraphics.framework in Frameworks */ = {isa = PBXBuildFile; fileRef = 8F62F9D918908C4D00CFAC9A /* CoreGraphics.framework */; };
		8F62F9DC18908C4D00CFAC9A /* UIKit.framework in Frameworks */ = {isa = PBXBuildFile; fileRef = 8F62F9DB18908C4D00CFAC9A /* UIKit.framework */; };
		8F62F9E218908C4D00CFAC9A /* InfoPlist.strings in Resources */ = {isa = PBXBuildFile; fileRef = 8F62F9E018908C4D00CFAC9A /* InfoPlist.strings */; };
		8F62F9E418908C4D00CFAC9A /* main.m in Sources */ = {isa = PBXBuildFile; fileRef = 8F62F9E318908C4D00CFAC9A /* main.m */; };
		8F62F9E818908C4D00CFAC9A /* PracticeAppDelegate.m in Sources */ = {isa = PBXBuildFile; fileRef = 8F62F9E718908C4D00CFAC9A /* PracticeAppDelegate.m */; };
		8F62F9EA18908C4D00CFAC9A /* Images.xcassets in Resources */ = {isa = PBXBuildFile; fileRef = 8F62F9E918908C4D00CFAC9A /* Images.xcassets */; };
		8F62F9F118908C4D00CFAC9A /* XCTest.framework in Frameworks */ = {isa = PBXBuildFile; fileRef = 8F62F9F018908C4D00CFAC9A /* XCTest.framework */; };
		8F62F9F218908C4D00CFAC9A /* Foundation.framework in Frameworks */ = {isa = PBXBuildFile; fileRef = 8F62F9D718908C4D00CFAC9A /* Foundation.framework */; };
		8F62F9F318908C4D00CFAC9A /* UIKit.framework in Frameworks */ = {isa = PBXBuildFile; fileRef = 8F62F9DB18908C4D00CFAC9A /* UIKit.framework */; };
		8F62F9FB18908C4D00CFAC9A /* InfoPlist.strings in Resources */ = {isa = PBXBuildFile; fileRef = 8F62F9F918908C4D00CFAC9A /* InfoPlist.strings */; };
		8F62F9FD18908C4D00CFAC9A /* ToDoListTests.m in Sources */ = {isa = PBXBuildFile; fileRef = 8F62F9FC18908C4D00CFAC9A /* ToDoListTests.m */; };
		8F62FA071890906900CFAC9A /* Main.storyboard in Resources */ = {isa = PBXBuildFile; fileRef = 8F62FA061890906900CFAC9A /* Main.storyboard */; };
		8F62FA0A1894EBD500CFAC9A /* PracticeAddToDoItemViewController.m in Sources */ = {isa = PBXBuildFile; fileRef = 8F62FA091894EBD500CFAC9A /* PracticeAddToDoItemViewController.m */; };
		8F62FA0D1894ECAD00CFAC9A /* PracticeToDoListViewController.m in Sources */ = {isa = PBXBuildFile; fileRef = 8F62FA0C1894ECAD00CFAC9A /* PracticeToDoListViewController.m */; };
		8F62FA101895D06F00CFAC9A /* PracticeToDoItem.m in Sources */ = {isa = PBXBuildFile; fileRef = 8F62FA0F1895D06F00CFAC9A /* PracticeToDoItem.m */; };
/* End PBXBuildFile section */

/* Begin PBXContainerItemProxy section */
		8F62F9F418908C4D00CFAC9A /* PBXContainerItemProxy */ = {
			isa = PBXContainerItemProxy;
			containerPortal = 8F62F9CC18908C4D00CFAC9A /* Project object */;
			proxyType = 1;
			remoteGlobalIDString = 8F62F9D318908C4D00CFAC9A;
			remoteInfo = ToDoList;
		};
/* End PBXContainerItemProxy section */

/* Begin PBXFileReference section */
		8F62F9D418908C4D00CFAC9A /* ToDoList.app */ = {isa = PBXFileReference; explicitFileType = wrapper.application; includeInIndex = 0; path = ToDoList.app; sourceTree = BUILT_PRODUCTS_DIR; };
		8F62F9D718908C4D00CFAC9A /* Foundation.framework */ = {isa = PBXFileReference; lastKnownFileType = wrapper.framework; name = Foundation.framework; path = System/Library/Frameworks/Foundation.framework; sourceTree = SDKROOT; };
		8F62F9D918908C4D00CFAC9A /* CoreGraphics.framework */ = {isa = PBXFileReference; lastKnownFileType = wrapper.framework; name = CoreGraphics.framework; path = System/Library/Frameworks/CoreGraphics.framework; sourceTree = SDKROOT; };
		8F62F9DB18908C4D00CFAC9A /* UIKit.framework */ = {isa = PBXFileReference; lastKnownFileType = wrapper.framework; name = UIKit.framework; path = System/Library/Frameworks/UIKit.framework; sourceTree = SDKROOT; };
		8F62F9DF18908C4D00CFAC9A /* ToDoList-Info.plist */ = {isa = PBXFileReference; lastKnownFileType = text.plist.xml; path = "ToDoList-Info.plist"; sourceTree = "<group>"; };
		8F62F9E118908C4D00CFAC9A /* en */ = {isa = PBXFileReference; lastKnownFileType = text.plist.strings; name = en; path = en.lproj/InfoPlist.strings; sourceTree = "<group>"; };
		8F62F9E318908C4D00CFAC9A /* main.m */ = {isa = PBXFileReference; lastKnownFileType = sourcecode.c.objc; path = main.m; sourceTree = "<group>"; };
		8F62F9E518908C4D00CFAC9A /* ToDoList-Prefix.pch */ = {isa = PBXFileReference; lastKnownFileType = sourcecode.c.h; path = "ToDoList-Prefix.pch"; sourceTree = "<group>"; };
		8F62F9E618908C4D00CFAC9A /* PracticeAppDelegate.h */ = {isa = PBXFileReference; lastKnownFileType = sourcecode.c.h; path = PracticeAppDelegate.h; sourceTree = "<group>"; };
		8F62F9E718908C4D00CFAC9A /* PracticeAppDelegate.m */ = {isa = PBXFileReference; lastKnownFileType = sourcecode.c.objc; path = PracticeAppDelegate.m; sourceTree = "<group>"; };
		8F62F9E918908C4D00CFAC9A /* Images.xcassets */ = {isa = PBXFileReference; lastKnownFileType = folder.assetcatalog; path = Images.xcassets; sourceTree = "<group>"; };
		8F62F9EF18908C4D00CFAC9A /* ToDoListTests.xctest */ = {isa = PBXFileReference; explicitFileType = wrapper.cfbundle; includeInIndex = 0; path = ToDoListTests.xctest; sourceTree = BUILT_PRODUCTS_DIR; };
		8F62F9F018908C4D00CFAC9A /* XCTest.framework */ = {isa = PBXFileReference; lastKnownFileType = wrapper.framework; name = XCTest.framework; path = Library/Frameworks/XCTest.framework; sourceTree = DEVELOPER_DIR; };
		8F62F9F818908C4D00CFAC9A /* ToDoListTests-Info.plist */ = {isa = PBXFileReference; lastKnownFileType = text.plist.xml; path = "ToDoListTests-Info.plist"; sourceTree = "<group>"; };
		8F62F9FA18908C4D00CFAC9A /* en */ = {isa = PBXFileReference; lastKnownFileType = text.plist.strings; name = en; path = en.lproj/InfoPlist.strings; sourceTree = "<group>"; };
		8F62F9FC18908C4D00CFAC9A /* ToDoListTests.m */ = {isa = PBXFileReference; lastKnownFileType = sourcecode.c.objc; path = ToDoListTests.m; sourceTree = "<group>"; };
		8F62FA061890906900CFAC9A /* Main.storyboard */ = {isa = PBXFileReference; fileEncoding = 4; lastKnownFileType = file.storyboard; path = Main.storyboard; sourceTree = "<group>"; };
		8F62FA081894EBD500CFAC9A /* PracticeAddToDoItemViewController.h */ = {isa = PBXFileReference; fileEncoding = 4; lastKnownFileType = sourcecode.c.h; path = PracticeAddToDoItemViewController.h; sourceTree = "<group>"; };
		8F62FA091894EBD500CFAC9A /* PracticeAddToDoItemViewController.m */ = {isa = PBXFileReference; fileEncoding = 4; lastKnownFileType = sourcecode.c.objc; path = PracticeAddToDoItemViewController.m; sourceTree = "<group>"; };
		8F62FA0B1894ECAD00CFAC9A /* PracticeToDoListViewController.h */ = {isa = PBXFileReference; fileEncoding = 4; lastKnownFileType = sourcecode.c.h; path = PracticeToDoListViewController.h; sourceTree = "<group>"; };
		8F62FA0C1894ECAD00CFAC9A /* PracticeToDoListViewController.m */ = {isa = PBXFileReference; fileEncoding = 4; lastKnownFileType = sourcecode.c.objc; path = PracticeToDoListViewController.m; sourceTree = "<group>"; };
		8F62FA0E1895D06F00CFAC9A /* PracticeToDoItem.h */ = {isa = PBXFileReference; fileEncoding = 4; lastKnownFileType = sourcecode.c.h; path = PracticeToDoItem.h; sourceTree = "<group>"; };
		8F62FA0F1895D06F00CFAC9A /* PracticeToDoItem.m */ = {isa = PBXFileReference; fileEncoding = 4; lastKnownFileType = sourcecode.c.objc; path = PracticeToDoItem.m; sourceTree = "<group>"; };
/* End PBXFileReference section */

/* Begin PBXFrameworksBuildPhase section */
		8F62F9D118908C4D00CFAC9A /* Frameworks */ = {
			isa = PBXFrameworksBuildPhase;
			buildActionMask = 2147483647;
			files = (
				8F62F9DA18908C4D00CFAC9A /* CoreGraphics.framework in Frameworks */,
				8F62F9DC18908C4D00CFAC9A /* UIKit.framework in Frameworks */,
				8F62F9D818908C4D00CFAC9A /* Foundation.framework in Frameworks */,
			);
			runOnlyForDeploymentPostprocessing = 0;
		};
		8F62F9EC18908C4D00CFAC9A /* Frameworks */ = {
			isa = PBXFrameworksBuildPhase;
			buildActionMask = 2147483647;
			files = (
				8F62F9F118908C4D00CFAC9A /* XCTest.framework in Frameworks */,
				8F62F9F318908C4D00CFAC9A /* UIKit.framework in Frameworks */,
				8F62F9F218908C4D00CFAC9A /* Foundation.framework in Frameworks */,
			);
			runOnlyForDeploymentPostprocessing = 0;
		};
/* End PBXFrameworksBuildPhase section */

/* Begin PBXGroup section */
		8F62F9CB18908C4D00CFAC9A = {
			isa = PBXGroup;
			children = (
				8F62FA081894EBD500CFAC9A /* PracticeAddToDoItemViewController.h */,
				8F62FA091894EBD500CFAC9A /* PracticeAddToDoItemViewController.m */,
				8F62F9DD18908C4D00CFAC9A /* ToDoList */,
				8F62F9F618908C4D00CFAC9A /* ToDoListTests */,
				8F62F9D618908C4D00CFAC9A /* Frameworks */,
				8F62F9D518908C4D00CFAC9A /* Products */,
			);
			sourceTree = "<group>";
		};
		8F62F9D518908C4D00CFAC9A /* Products */ = {
			isa = PBXGroup;
			children = (
				8F62F9D418908C4D00CFAC9A /* ToDoList.app */,
				8F62F9EF18908C4D00CFAC9A /* ToDoListTests.xctest */,
			);
			name = Products;
			sourceTree = "<group>";
		};
		8F62F9D618908C4D00CFAC9A /* Frameworks */ = {
			isa = PBXGroup;
			children = (
				8F62F9D718908C4D00CFAC9A /* Foundation.framework */,
				8F62F9D918908C4D00CFAC9A /* CoreGraphics.framework */,
				8F62F9DB18908C4D00CFAC9A /* UIKit.framework */,
				8F62F9F018908C4D00CFAC9A /* XCTest.framework */,
			);
			name = Frameworks;
			sourceTree = "<group>";
		};
		8F62F9DD18908C4D00CFAC9A /* ToDoList */ = {
			isa = PBXGroup;
			children = (
				8F62F9E618908C4D00CFAC9A /* PracticeAppDelegate.h */,
				8F62F9E718908C4D00CFAC9A /* PracticeAppDelegate.m */,
				8F62FA061890906900CFAC9A /* Main.storyboard */,
				8F62FA0E1895D06F00CFAC9A /* PracticeToDoItem.h */,
				8F62FA0F1895D06F00CFAC9A /* PracticeToDoItem.m */,
				8F62FA0B1894ECAD00CFAC9A /* PracticeToDoListViewController.h */,
				8F62FA0C1894ECAD00CFAC9A /* PracticeToDoListViewController.m */,
				8F62F9E918908C4D00CFAC9A /* Images.xcassets */,
				8F62F9DE18908C4D00CFAC9A /* Supporting Files */,
			);
			path = ToDoList;
			sourceTree = "<group>";
		};
		8F62F9DE18908C4D00CFAC9A /* Supporting Files */ = {
			isa = PBXGroup;
			children = (
				8F62F9DF18908C4D00CFAC9A /* ToDoList-Info.plist */,
				8F62F9E018908C4D00CFAC9A /* InfoPlist.strings */,
				8F62F9E318908C4D00CFAC9A /* main.m */,
				8F62F9E518908C4D00CFAC9A /* ToDoList-Prefix.pch */,
			);
			name = "Supporting Files";
			sourceTree = "<group>";
		};
		8F62F9F618908C4D00CFAC9A /* ToDoListTests */ = {
			isa = PBXGroup;
			children = (
				8F62F9FC18908C4D00CFAC9A /* ToDoListTests.m */,
				8F62F9F718908C4D00CFAC9A /* Supporting Files */,
			);
			path = ToDoListTests;
			sourceTree = "<group>";
		};
		8F62F9F718908C4D00CFAC9A /* Supporting Files */ = {
			isa = PBXGroup;
			children = (
				8F62F9F818908C4D00CFAC9A /* ToDoListTests-Info.plist */,
				8F62F9F918908C4D00CFAC9A /* InfoPlist.strings */,
			);
			name = "Supporting Files";
			sourceTree = "<group>";
		};
/* End PBXGroup section */

/* Begin PBXNativeTarget section */
		8F62F9D318908C4D00CFAC9A /* ToDoList */ = {
			isa = PBXNativeTarget;
			buildConfigurationList = 8F62FA0018908C4D00CFAC9A /* Build configuration list for PBXNativeTarget "ToDoList" */;
			buildPhases = (
				8F62F9D018908C4D00CFAC9A /* Sources */,
				8F62F9D118908C4D00CFAC9A /* Frameworks */,
				8F62F9D218908C4D00CFAC9A /* Resources */,
			);
			buildRules = (
			);
			dependencies = (
			);
			name = ToDoList;
			productName = ToDoList;
			productReference = 8F62F9D418908C4D00CFAC9A /* ToDoList.app */;
			productType = "com.apple.product-type.application";
		};
		8F62F9EE18908C4D00CFAC9A /* ToDoListTests */ = {
			isa = PBXNativeTarget;
			buildConfigurationList = 8F62FA0318908C4D00CFAC9A /* Build configuration list for PBXNativeTarget "ToDoListTests" */;
			buildPhases = (
				8F62F9EB18908C4D00CFAC9A /* Sources */,
				8F62F9EC18908C4D00CFAC9A /* Frameworks */,
				8F62F9ED18908C4D00CFAC9A /* Resources */,
			);
			buildRules = (
			);
			dependencies = (
				8F62F9F518908C4D00CFAC9A /* PBXTargetDependency */,
			);
			name = ToDoListTests;
			productName = ToDoListTests;
			productReference = 8F62F9EF18908C4D00CFAC9A /* ToDoListTests.xctest */;
			productType = "com.apple.product-type.bundle.unit-test";
		};
/* End PBXNativeTarget section */

/* Begin PBXProject section */
		8F62F9CC18908C4D00CFAC9A /* Project object */ = {
			isa = PBXProject;
			attributes = {
				CLASSPREFIX = Practice;
				LastUpgradeCheck = 0500;
				ORGANIZATIONNAME = "Carlos Paez";
				TargetAttributes = {
					8F62F9D318908C4D00CFAC9A = {
						DevelopmentTeam = 8KFDDW25JY;
					};
					8F62F9EE18908C4D00CFAC9A = {
						TestTargetID = 8F62F9D318908C4D00CFAC9A;
					};
				};
			};
			buildConfigurationList = 8F62F9CF18908C4D00CFAC9A /* Build configuration list for PBXProject "ToDoList" */;
			compatibilityVersion = "Xcode 3.2";
			developmentRegion = English;
			hasScannedForEncodings = 0;
			knownRegions = (
				en,
			);
			mainGroup = 8F62F9CB18908C4D00CFAC9A;
			productRefGroup = 8F62F9D518908C4D00CFAC9A /* Products */;
			projectDirPath = "";
			projectRoot = "";
			targets = (
				8F62F9D318908C4D00CFAC9A /* ToDoList */,
				8F62F9EE18908C4D00CFAC9A /* ToDoListTests */,
			);
		};
/* End PBXProject section */

/* Begin PBXResourcesBuildPhase section */
		8F62F9D218908C4D00CFAC9A /* Resources */ = {
			isa = PBXResourcesBuildPhase;
			buildActionMask = 2147483647;
			files = (
				8F62FA071890906900CFAC9A /* Main.storyboard in Resources */,
				8F62F9E218908C4D00CFAC9A /* InfoPlist.strings in Resources */,
				8F62F9EA18908C4D00CFAC9A /* Images.xcassets in Resources */,
			);
			runOnlyForDeploymentPostprocessing = 0;
		};
		8F62F9ED18908C4D00CFAC9A /* Resources */ = {
			isa = PBXResourcesBuildPhase;
			buildActionMask = 2147483647;
			files = (
				8F62F9FB18908C4D00CFAC9A /* InfoPlist.strings in Resources */,
			);
			runOnlyForDeploymentPostprocessing = 0;
		};
/* End PBXResourcesBuildPhase section */

/* Begin PBXSourcesBuildPhase section */
		8F62F9D018908C4D00CFAC9A /* Sources */ = {
			isa = PBXSourcesBuildPhase;
			buildActionMask = 2147483647;
			files = (
				8F62FA0A1894EBD500CFAC9A /* PracticeAddToDoItemViewController.m in Sources */,
				8F62F9E418908C4D00CFAC9A /* main.m in Sources */,
				8F62FA0D1894ECAD00CFAC9A /* PracticeToDoListViewController.m in Sources */,
				8F62FA101895D06F00CFAC9A /* PracticeToDoItem.m in Sources */,
				8F62F9E818908C4D00CFAC9A /* PracticeAppDelegate.m in Sources */,
			);
			runOnlyForDeploymentPostprocessing = 0;
		};
		8F62F9EB18908C4D00CFAC9A /* Sources */ = {
			isa = PBXSourcesBuildPhase;
			buildActionMask = 2147483647;
			files = (
				8F62F9FD18908C4D00CFAC9A /* ToDoListTests.m in Sources */,
			);
			runOnlyForDeploymentPostprocessing = 0;
		};
/* End PBXSourcesBuildPhase section */

/* Begin PBXTargetDependency section */
		8F62F9F518908C4D00CFAC9A /* PBXTargetDependency */ = {
			isa = PBXTargetDependency;
			target = 8F62F9D318908C4D00CFAC9A /* ToDoList */;
			targetProxy = 8F62F9F418908C4D00CFAC9A /* PBXContainerItemProxy */;
		};
/* End PBXTargetDependency section */

/* Begin PBXVariantGroup section */
		8F62F9E018908C4D00CFAC9A /* InfoPlist.strings */ = {
			isa = PBXVariantGroup;
			children = (
				8F62F9E118908C4D00CFAC9A /* en */,
			);
			name = InfoPlist.strings;
			sourceTree = "<group>";
		};
		8F62F9F918908C4D00CFAC9A /* InfoPlist.strings */ = {
			isa = PBXVariantGroup;
			children = (
				8F62F9FA18908C4D00CFAC9A /* en */,
			);
			name = InfoPlist.strings;
			sourceTree = "<group>";
		};
/* End PBXVariantGroup section */

/* Begin XCBuildConfiguration section */
		8F62F9FE18908C4D00CFAC9A /* Debug */ = {
			isa = XCBuildConfiguration;
			buildSettings = {
				ALWAYS_SEARCH_USER_PATHS = NO;
				ARCHS = "$(ARCHS_STANDARD_INCLUDING_64_BIT)";
				CLANG_CXX_LANGUAGE_STANDARD = "gnu++0x";
				CLANG_CXX_LIBRARY = "libc++";
				CLANG_ENABLE_MODULES = YES;
				CLANG_ENABLE_OBJC_ARC = YES;
				CLANG_WARN_BOOL_CONVERSION = YES;
				CLANG_WARN_CONSTANT_CONVERSION = YES;
				CLANG_WARN_DIRECT_OBJC_ISA_USAGE = YES_ERROR;
				CLANG_WARN_EMPTY_BODY = YES;
				CLANG_WARN_ENUM_CONVERSION = YES;
				CLANG_WARN_INT_CONVERSION = YES;
				CLANG_WARN_OBJC_ROOT_CLASS = YES_ERROR;
				CLANG_WARN__DUPLICATE_METHOD_MATCH = YES;
				"CODE_SIGN_IDENTITY[sdk=iphoneos*]" = "iPhone Developer";
				COPY_PHASE_STRIP = NO;
				GCC_C_LANGUAGE_STANDARD = gnu99;
				GCC_DYNAMIC_NO_PIC = NO;
				GCC_OPTIMIZATION_LEVEL = 0;
				GCC_PREPROCESSOR_DEFINITIONS = (
					"DEBUG=1",
					"$(inherited)",
				);
				GCC_SYMBOLS_PRIVATE_EXTERN = NO;
				GCC_WARN_64_TO_32_BIT_CONVERSION = YES;
				GCC_WARN_ABOUT_RETURN_TYPE = YES_ERROR;
				GCC_WARN_UNDECLARED_SELECTOR = YES;
				GCC_WARN_UNINITIALIZED_AUTOS = YES;
				GCC_WARN_UNUSED_FUNCTION = YES;
				GCC_WARN_UNUSED_VARIABLE = YES;
				IPHONEOS_DEPLOYMENT_TARGET = 7.0;
				ONLY_ACTIVE_ARCH = YES;
				SDKROOT = iphoneos;
			};
			name = Debug;
		};
		8F62F9FF18908C4D00CFAC9A /* Release */ = {
			isa = XCBuildConfiguration;
			buildSettings = {
				ALWAYS_SEARCH_USER_PATHS = NO;
				ARCHS = "$(ARCHS_STANDARD_INCLUDING_64_BIT)";
				CLANG_CXX_LANGUAGE_STANDARD = "gnu++0x";
				CLANG_CXX_LIBRARY = "libc++";
				CLANG_ENABLE_MODULES = YES;
				CLANG_ENABLE_OBJC_ARC = YES;
				CLANG_WARN_BOOL_CONVERSION = YES;
				CLANG_WARN_CONSTANT_CONVERSION = YES;
				CLANG_WARN_DIRECT_OBJC_ISA_USAGE = YES_ERROR;
				CLANG_WARN_EMPTY_BODY = YES;
				CLANG_WARN_ENUM_CONVERSION = YES;
				CLANG_WARN_INT_CONVERSION = YES;
				CLANG_WARN_OBJC_ROOT_CLASS = YES_ERROR;
				CLANG_WARN__DUPLICATE_METHOD_MATCH = YES;
				"CODE_SIGN_IDENTITY[sdk=iphoneos*]" = "iPhone Developer";
				COPY_PHASE_STRIP = YES;
				ENABLE_NS_ASSERTIONS = NO;
				GCC_C_LANGUAGE_STANDARD = gnu99;
				GCC_WARN_64_TO_32_BIT_CONVERSION = YES;
				GCC_WARN_ABOUT_RETURN_TYPE = YES_ERROR;
				GCC_WARN_UNDECLARED_SELECTOR = YES;
				GCC_WARN_UNINITIALIZED_AUTOS = YES;
				GCC_WARN_UNUSED_FUNCTION = YES;
				GCC_WARN_UNUSED_VARIABLE = YES;
				IPHONEOS_DEPLOYMENT_TARGET = 7.0;
				SDKROOT = iphoneos;
				VALIDATE_PRODUCT = YES;
			};
			name = Release;
		};
		8F62FA0118908C4D00CFAC9A /* Debug */ = {
			isa = XCBuildConfiguration;
			buildSettings = {
				ASSETCATALOG_COMPILER_APPICON_NAME = AppIcon;
				ASSETCATALOG_COMPILER_LAUNCHIMAGE_NAME = LaunchImage;
				CODE_SIGN_IDENTITY = "iPhone Developer";
				"CODE_SIGN_IDENTITY[sdk=iphoneos*]" = "iPhone Developer";
				GCC_PRECOMPILE_PREFIX_HEADER = YES;
				GCC_PREFIX_HEADER = "ToDoList/ToDoList-Prefix.pch";
				INFOPLIST_FILE = "ToDoList/ToDoList-Info.plist";
				PRODUCT_NAME = "$(TARGET_NAME)";
				PROVISIONING_PROFILE = "FE569DF5-052F-4508-909C-87341F2D9FAF";
				TARGETED_DEVICE_FAMILY = 1;
				WRAPPER_EXTENSION = app;
			};
			name = Debug;
		};
		8F62FA0218908C4D00CFAC9A /* Release */ = {
			isa = XCBuildConfiguration;
			buildSettings = {
				ASSETCATALOG_COMPILER_APPICON_NAME = AppIcon;
				ASSETCATALOG_COMPILER_LAUNCHIMAGE_NAME = LaunchImage;
				CODE_SIGN_IDENTITY = "iPhone Developer";
				"CODE_SIGN_IDENTITY[sdk=iphoneos*]" = "iPhone Developer";
				GCC_PRECOMPILE_PREFIX_HEADER = YES;
				GCC_PREFIX_HEADER = "ToDoList/ToDoList-Prefix.pch";
				INFOPLIST_FILE = "ToDoList/ToDoList-Info.plist";
				PRODUCT_NAME = "$(TARGET_NAME)";
				PROVISIONING_PROFILE = "FE569DF5-052F-4508-909C-87341F2D9FAF";
				TARGETED_DEVICE_FAMILY = 1;
				WRAPPER_EXTENSION = app;
			};
			name = Release;
		};
		8F62FA0418908C4D00CFAC9A /* Debug */ = {
			isa = XCBuildConfiguration;
			buildSettings = {
				ARCHS = "$(ARCHS_STANDARD_INCLUDING_64_BIT)";
				BUNDLE_LOADER = "$(BUILT_PRODUCTS_DIR)/ToDoList.app/ToDoList";
				FRAMEWORK_SEARCH_PATHS = (
					"$(SDKROOT)/Developer/Library/Frameworks",
					"$(inherited)",
					"$(DEVELOPER_FRAMEWORKS_DIR)",
				);
				GCC_PRECOMPILE_PREFIX_HEADER = YES;
				GCC_PREFIX_HEADER = "ToDoList/ToDoList-Prefix.pch";
				GCC_PREPROCESSOR_DEFINITIONS = (
					"DEBUG=1",
					"$(inherited)",
				);
				INFOPLIST_FILE = "ToDoListTests/ToDoListTests-Info.plist";
				PRODUCT_NAME = "$(TARGET_NAME)";
				TEST_HOST = "$(BUNDLE_LOADER)";
				WRAPPER_EXTENSION = xctest;
			};
			name = Debug;
		};
		8F62FA0518908C4D00CFAC9A /* Release */ = {
			isa = XCBuildConfiguration;
			buildSettings = {
				ARCHS = "$(ARCHS_STANDARD_INCLUDING_64_BIT)";
				BUNDLE_LOADER = "$(BUILT_PRODUCTS_DIR)/ToDoList.app/ToDoList";
				FRAMEWORK_SEARCH_PATHS = (
					"$(SDKROOT)/Developer/Library/Frameworks",
					"$(inherited)",
					"$(DEVELOPER_FRAMEWORKS_DIR)",
				);
				GCC_PRECOMPILE_PREFIX_HEADER = YES;
				GCC_PREFIX_HEADER = "ToDoList/ToDoList-Prefix.pch";
				INFOPLIST_FILE = "ToDoListTests/ToDoListTests-Info.plist";
				PRODUCT_NAME = "$(TARGET_NAME)";
				TEST_HOST = "$(BUNDLE_LOADER)";
				WRAPPER_EXTENSION = xctest;
			};
			name = Release;
		};
/* End XCBuildConfiguration section */

/* Begin XCConfigurationList section */
		8F62F9CF18908C4D00CFAC9A /* Build configuration list for PBXProject "ToDoList" */ = {
			isa = XCConfigurationList;
			buildConfigurations = (
				8F62F9FE18908C4D00CFAC9A /* Debug */,
				8F62F9FF18908C4D00CFAC9A /* Release */,
			);
			defaultConfigurationIsVisible = 0;
			defaultConfigurationName = Release;
		};
		8F62FA0018908C4D00CFAC9A /* Build configuration list for PBXNativeTarget "ToDoList" */ = {
			isa = XCConfigurationList;
			buildConfigurations = (
				8F62FA0118908C4D00CFAC9A /* Debug */,
				8F62FA0218908C4D00CFAC9A /* Release */,
			);
			defaultConfigurationIsVisible = 0;
			defaultConfigurationName = Release;
		};
		8F62FA0318908C4D00CFAC9A /* Build configuration list for PBXNativeTarget "ToDoListTests" */ = {
			isa = XCConfigurationList;
			buildConfigurations = (
				8F62FA0418908C4D00CFAC9A /* Debug */,
				8F62FA0518908C4D00CFAC9A /* Release */,
			);
			defaultConfigurationIsVisible = 0;
			defaultConfigurationName = Release;
		};
/* End XCConfigurationList section */
	};
	rootObject = 8F62F9CC18908C4D00CFAC9A /* Project object */;
}
